
Microsoft Visual Studio Solution File, Format Version 12.00
# Visual Studio 15
VisualStudioVersion = 15.0.28010.2041
MinimumVisualStudioVersion = 10.0.40219.1
Project("{FAE04EC0-301F-11D3-BF4B-00C04F79EFBC}") = "UploadToBlob.Droid", "UploadToBlob.Droid\UploadToBlob.Droid.csproj", "{68B05346-7F04-42F9-92E8-29076C365931}"
EndProject
Global
	GlobalSection(SolutionConfigurationPlatforms) = preSolution
		Debug|Any CPU = Debug|Any CPU
		Release|Any CPU = Release|Any CPU
	EndGlobalSection
	GlobalSection(ProjectConfigurationPlatforms) = postSolution
		{68B05346-7F04-42F9-92E8-29076C365931}.Debug|Any CPU.ActiveCfg = Debug|Any CPU
		{68B05346-7F04-42F9-92E8-29076C365931}.Debug|Any CPU.Build.0 = Debug|Any CPU
		{68B05346-7F04-42F9-92E8-29076C365931}.Debug|Any CPU.Deploy.0 = Debug|Any CPU
		{68B05346-7F04-42F9-92E8-29076C365931}.Release|Any CPU.ActiveCfg = Release|Any CPU
		{68B05346-7F04-42F9-92E8-29076C365931}.Release|Any CPU.Build.0 = Release|Any CPU
		{68B05346-7F04-42F9-92E8-29076C365931}.Release|Any CPU.Deploy.0 = Release|Any CPU
	EndGlobalSection
	GlobalSection(SolutionProperties) = preSolution
		HideSolutionNode = FALSE
	EndGlobalSection
	GlobalSection(ExtensibilityGlobals) = postSolution
		SolutionGuid = {B5DC6B07-ED91-4E61-990F-10F2C4F659A8}
	EndGlobalSection
EndGlobal
